{
  "name": "agent-symphony-kit",
  "version": "0.1.0",
  "lockfileVersion": 3,
  "requires": true,
  "packages": {
    "": {
      "name": "agent-symphony-kit",
      "version": "0.1.0",
      "license": "MIT",
      "bin": {
        "agent-symphony": "src/cli.js",
        "agent-symphony-kit": "src/cli.js",
        "askit": "src/cli.js"
      },
      "engines": {
        "node": ">=20"
      }
    }
  }
}
